// !$*UTF8*$!
{
	archiveVersion = 1;
	classes = {
	};
	objectVersion = 46;
	objects = {

/* Begin PBXBuildFile section */
		6E0D99181D23BDB500B9B00B /* AppDelegate.swift in Sources */ = {isa = PBXBuildFile; fileRef = 6E0D99171D23BDB500B9B00B /* AppDelegate.swift */; };
		6E0D991A1D23BDB500B9B00B /* ViewController.swift in Sources */ = {isa = PBXBuildFile; fileRef = 6E0D99191D23BDB500B9B00B /* ViewController.swift */; };
		6E0D991D1D23BDB500B9B00B /* Main.storyboard in Resources */ = {isa = PBXBuildFile; fileRef = 6E0D991B1D23BDB500B9B00B /* Main.storyboard */; };
		6E0D991F1D23BDB500B9B00B /* Assets.xcassets in Resources */ = {isa = PBXBuildFile; fileRef = 6E0D991E1D23BDB500B9B00B /* Assets.xcassets */; };
		6E0D99221D23BDB500B9B00B /* LaunchScreen.storyboard in Resources */ = {isa = PBXBuildFile; fileRef = 6E0D99201D23BDB500B9B00B /* LaunchScreen.storyboard */; };
		6E0D992A1D23C00700B9B00B /* pokemon.csv in Resources */ = {isa = PBXBuildFile; fileRef = 6E0D99291D23C00700B9B00B /* pokemon.csv */; };
		6E0D992F1D23C15F00B9B00B /* Pokemon.swift in Sources */ = {isa = PBXBuildFile; fileRef = 6E0D992E1D23C15F00B9B00B /* Pokemon.swift */; };
		6E0D99311D23C67E00B9B00B /* PokeCell.swift in Sources */ = {isa = PBXBuildFile; fileRef = 6E0D99301D23C67E00B9B00B /* PokeCell.swift */; };
		6E0D99331D23CD1B00B9B00B /* csv.swift in Sources */ = {isa = PBXBuildFile; fileRef = 6E0D99321D23CD1B00B9B00B /* csv.swift */; };
		6E0D99391D23D17F00B9B00B /* Pokemon.ttf in Resources */ = {isa = PBXBuildFile; fileRef = 6E0D99381D23D17F00B9B00B /* Pokemon.ttf */; };
		6E0D993B1D23D5D200B9B00B /* music.mp3 in Resources */ = {isa = PBXBuildFile; fileRef = 6E0D993A1D23D5D200B9B00B /* music.mp3 */; };
		6EA33F991D24328800BBD733 /* PokemonDetailVC.swift in Sources */ = {isa = PBXBuildFile; fileRef = 6EA33F981D24328800BBD733 /* PokemonDetailVC.swift */; };
/* End PBXBuildFile section */

/* Begin PBXFileReference section */
		6E0D99141D23BDB500B9B00B /* Pokedex.app */ = {isa = PBXFileReference; explicitFileType = wrapper.application; includeInIndex = 0; path = Pokedex.app; sourceTree = BUILT_PRODUCTS_DIR; };
		6E0D99171D23BDB500B9B00B /* AppDelegate.swift */ = {isa = PBXFileReference; lastKnownFileType = sourcecode.swift; path = AppDelegate.swift; sourceTree = "<group>"; };
		6E0D99191D23BDB500B9B00B /* ViewController.swift */ = {isa = PBXFileReference; lastKnownFileType = sourcecode.swift; path = ViewController.swift; sourceTree = "<group>"; };
		6E0D991C1D23BDB500B9B00B /* Base */ = {isa = PBXFileReference; lastKnownFileType = file.storyboard; name = Base; path = Base.lproj/Main.storyboard; sourceTree = "<group>"; };
		6E0D991E1D23BDB500B9B00B /* Assets.xcassets */ = {isa = PBXFileReference; lastKnownFileType = folder.assetcatalog; path = Assets.xcassets; sourceTree = "<group>"; };
		6E0D99211D23BDB500B9B00B /* Base */ = {isa = PBXFileReference; lastKnownFileType = file.storyboard; name = Base; path = Base.lproj/LaunchScreen.storyboard; sourceTree = "<group>"; };
		6E0D99231D23BDB500B9B00B /* Info.plist */ = {isa = PBXFileReference; lastKnownFileType = text.plist.xml; path = Info.plist; sourceTree = "<group>"; };
		6E0D99291D23C00700B9B00B /* pokemon.csv */ = {isa = PBXFileReference; fileEncoding = 4; lastKnownFileType = text; path = pokemon.csv; sourceTree = "<group>"; };
		6E0D992E1D23C15F00B9B00B /* Pokemon.swift */ = {isa = PBXFileReference; fileEncoding = 4; lastKnownFileType = sourcecode.swift; path = Pokemon.swift; sourceTree = "<group>"; };
		6E0D99301D23C67E00B9B00B /* PokeCell.swift */ = {isa = PBXFileReference; fileEncoding = 4; lastKnownFileType = sourcecode.swift; path = PokeCell.swift; sourceTree = "<group>"; };
		6E0D99321D23CD1B00B9B00B /* csv.swift */ = {isa = PBXFileReference; fileEncoding = 4; lastKnownFileType = sourcecode.swift; path = csv.swift; sourceTree = "<group>"; };
		6E0D99381D23D17F00B9B00B /* Pokemon.ttf */ = {isa = PBXFileReference; lastKnownFileType = file; path = Pokemon.ttf; sourceTree = "<group>"; };
		6E0D993A1D23D5D200B9B00B /* music.mp3 */ = {isa = PBXFileReference; lastKnownFileType = audio.mp3; path = music.mp3; sourceTree = "<group>"; };
		6EA33F981D24328800BBD733 /* PokemonDetailVC.swift */ = {isa = PBXFileReference; fileEncoding = 4; lastKnownFileType = sourcecode.swift; path = PokemonDetailVC.swift; sourceTree = "<group>"; };
/* End PBXFileReference section */

/* Begin PBXFrameworksBuildPhase section */
		6E0D99111D23BDB500B9B00B /* Frameworks */ = {
			isa = PBXFrameworksBuildPhase;
			buildActionMask = 2147483647;
			files = (
			);
			runOnlyForDeploymentPostprocessing = 0;
		};
/* End PBXFrameworksBuildPhase section */

/* Begin PBXGroup section */
		6E0D990B1D23BDB500B9B00B = {
			isa = PBXGroup;
			children = (
				6E0D99161D23BDB500B9B00B /* Pokedex */,
				6E0D99151D23BDB500B9B00B /* Products */,
			);
			sourceTree = "<group>";
		};
		6E0D99151D23BDB500B9B00B /* Products */ = {
			isa = PBXGroup;
			children = (
				6E0D99141D23BDB500B9B00B /* Pokedex.app */,
			);
			name = Products;
			sourceTree = "<group>";
		};
		6E0D99161D23BDB500B9B00B /* Pokedex */ = {
			isa = PBXGroup;
			children = (
				6E0D99351D23CD4600B9B00B /* Resources */,
				6E0D99341D23CD2D00B9B00B /* Util */,
				6E0D992D1D23C14400B9B00B /* Controller */,
				6E0D992C1D23C13E00B9B00B /* View */,
				6E0D992B1D23C13700B9B00B /* Model */,
				6E0D99171D23BDB500B9B00B /* AppDelegate.swift */,
				6E0D993A1D23D5D200B9B00B /* music.mp3 */,
				6E0D991E1D23BDB500B9B00B /* Assets.xcassets */,
				6E0D99381D23D17F00B9B00B /* Pokemon.ttf */,
				6E0D99201D23BDB500B9B00B /* LaunchScreen.storyboard */,
				6E0D99231D23BDB500B9B00B /* Info.plist */,
			);
			path = Pokedex;
			sourceTree = "<group>";
		};
		6E0D992B1D23C13700B9B00B /* Model */ = {
			isa = PBXGroup;
			children = (
				6E0D992E1D23C15F00B9B00B /* Pokemon.swift */,
			);
			name = Model;
			sourceTree = "<group>";
		};
		6E0D992C1D23C13E00B9B00B /* View */ = {
			isa = PBXGroup;
			children = (
				6E0D991B1D23BDB500B9B00B /* Main.storyboard */,
			);
			name = View;
			sourceTree = "<group>";
		};
		6E0D992D1D23C14400B9B00B /* Controller */ = {
			isa = PBXGroup;
			children = (
				6E0D99191D23BDB500B9B00B /* ViewController.swift */,
				6E0D99301D23C67E00B9B00B /* PokeCell.swift */,
				6EA33F981D24328800BBD733 /* PokemonDetailVC.swift */,
			);
			name = Controller;
			sourceTree = "<group>";
		};
		6E0D99341D23CD2D00B9B00B /* Util */ = {
			isa = PBXGroup;
			children = (
				6E0D99321D23CD1B00B9B00B /* csv.swift */,
			);
			name = Util;
			sourceTree = "<group>";
		};
		6E0D99351D23CD4600B9B00B /* Resources */ = {
			isa = PBXGroup;
			children = (
				6E0D99291D23C00700B9B00B /* pokemon.csv */,
			);
			name = Resources;
			sourceTree = "<group>";
		};
/* End PBXGroup section */

/* Begin PBXNativeTarget section */
		6E0D99131D23BDB500B9B00B /* Pokedex */ = {
			isa = PBXNativeTarget;
			buildConfigurationList = 6E0D99261D23BDB500B9B00B /* Build configuration list for PBXNativeTarget "Pokedex" */;
			buildPhases = (
				6E0D99101D23BDB500B9B00B /* Sources */,
				6E0D99111D23BDB500B9B00B /* Frameworks */,
				6E0D99121D23BDB500B9B00B /* Resources */,
			);
			buildRules = (
			);
			dependencies = (
			);
			name = Pokedex;
			productName = Pokedex;
			productReference = 6E0D99141D23BDB500B9B00B /* Pokedex.app */;
			productType = "com.apple.product-type.application";
		};
/* End PBXNativeTarget section */

/* Begin PBXProject section */
		6E0D990C1D23BDB500B9B00B /* Project object */ = {
			isa = PBXProject;
			attributes = {
				LastSwiftUpdateCheck = 0730;
				LastUpgradeCheck = 0730;
				ORGANIZATIONNAME = "Xavier TanXY";
				TargetAttributes = {
					6E0D99131D23BDB500B9B00B = {
						CreatedOnToolsVersion = 7.3.1;
					};
				};
			};
			buildConfigurationList = 6E0D990F1D23BDB500B9B00B /* Build configuration list for PBXProject "Pokedex" */;
			compatibilityVersion = "Xcode 3.2";
			developmentRegion = English;
			hasScannedForEncodings = 0;
			knownRegions = (
				en,
				Base,
			);
			mainGroup = 6E0D990B1D23BDB500B9B00B;
			productRefGroup = 6E0D99151D23BDB500B9B00B /* Products */;
			projectDirPath = "";
			projectRoot = "";
			targets = (
				6E0D99131D23BDB500B9B00B /* Pokedex */,
			);
		};
/* End PBXProject section */

/* Begin PBXResourcesBuildPhase section */
		6E0D99121D23BDB500B9B00B /* Resources */ = {
			isa = PBXResourcesBuildPhase;
			buildActionMask = 2147483647;
			files = (
				6E0D99221D23BDB500B9B00B /* LaunchScreen.storyboard in Resources */,
				6E0D99391D23D17F00B9B00B /* Pokemon.ttf in Resources */,
				6E0D993B1D23D5D200B9B00B /* music.mp3 in Resources */,
				6E0D991F1D23BDB500B9B00B /* Assets.xcassets in Resources */,
				6E0D992A1D23C00700B9B00B /* pokemon.csv in Resources */,
				6E0D991D1D23BDB500B9B00B /* Main.storyboard in Resources */,
			);
			runOnlyForDeploymentPostprocessing = 0;
		};
/* End PBXResourcesBuildPhase section */

/* Begin PBXSourcesBuildPhase section */
		6E0D99101D23BDB500B9B00B /* Sources */ = {
			isa = PBXSourcesBuildPhase;
			buildActionMask = 2147483647;
			files = (
				6E0D99311D23C67E00B9B00B /* PokeCell.swift in Sources */,
				6E0D991A1D23BDB500B9B00B /* ViewController.swift in Sources */,
				6E0D99181D23BDB500B9B00B /* AppDelegate.swift in Sources */,
				6EA33F991D24328800BBD733 /* PokemonDetailVC.swift in Sources */,
				6E0D992F1D23C15F00B9B00B /* Pokemon.swift in Sources */,
				6E0D99331D23CD1B00B9B00B /* csv.swift in Sources */,
			);
			runOnlyForDeploymentPostprocessing = 0;
		};
/* End PBXSourcesBuildPhase section */

/* Begin PBXVariantGroup section */
		6E0D991B1D23BDB500B9B00B /* Main.storyboard */ = {
			isa = PBXVariantGroup;
			children = (
				6E0D991C1D23BDB500B9B00B /* Base */,
			);
			name = Main.storyboard;
			sourceTree = "<group>";
		};
		6E0D99201D23BDB500B9B00B /* LaunchScreen.storyboard */ = {
			isa = PBXVariantGroup;
			children = (
				6E0D99211D23BDB500B9B00B /* Base */,
			);
			name = LaunchScreen.storyboard;
			sourceTree = "<group>";
		};
/* End PBXVariantGroup section */

/* Begin XCBuildConfiguration section */
		6E0D99241D23BDB500B9B00B /* Debug */ = {
			isa = XCBuildConfiguration;
			buildSettings = {
				ALWAYS_SEARCH_USER_PATHS = NO;
				CLANG_ANALYZER_NONNULL = YES;
				CLANG_CXX_LANGUAGE_STANDARD = "gnu++0x";
				CLANG_CXX_LIBRARY = "libc++";
				CLANG_ENABLE_MODULES = YES;
				CLANG_ENABLE_OBJC_ARC = YES;
				CLANG_WARN_BOOL_CONVERSION = YES;
				CLANG_WARN_CONSTANT_CONVERSION = YES;
				CLANG_WARN_DIRECT_OBJC_ISA_USAGE = YES_ERROR;
				CLANG_WARN_EMPTY_BODY = YES;
				CLANG_WARN_ENUM_CONVERSION = YES;
				CLANG_WARN_INT_CONVERSION = YES;
				CLANG_WARN_OBJC_ROOT_CLASS = YES_ERROR;
				CLANG_WARN_UNREACHABLE_CODE = YES;
				CLANG_WARN__DUPLICATE_METHOD_MATCH = YES;
				"CODE_SIGN_IDENTITY[sdk=iphoneos*]" = "iPhone Developer";
				COPY_PHASE_STRIP = NO;
				DEBUG_INFORMATION_FORMAT = dwarf;
				ENABLE_STRICT_OBJC_MSGSEND = YES;
				ENABLE_TESTABILITY = YES;
				GCC_C_LANGUAGE_STANDARD = gnu99;
				GCC_DYNAMIC_NO_PIC = NO;
				GCC_NO_COMMON_BLOCKS = YES;
				GCC_OPTIMIZATION_LEVEL = 0;
				GCC_PREPROCESSOR_DEFINITIONS = (
					"DEBUG=1",
					"$(inherited)",
				);
				GCC_WARN_64_TO_32_BIT_CONVERSION = YES;
				GCC_WARN_ABOUT_RETURN_TYPE = YES_ERROR;
				GCC_WARN_UNDECLARED_SELECTOR = YES;
				GCC_WARN_UNINITIALIZED_AUTOS = YES_AGGRESSIVE;
				GCC_WARN_UNUSED_FUNCTION = YES;
				GCC_WARN_UNUSED_VARIABLE = YES;
				IPHONEOS_DEPLOYMENT_TARGET = 9.3;
				MTL_ENABLE_DEBUG_INFO = YES;
				ONLY_ACTIVE_ARCH = YES;
				SDKROOT = iphoneos;
				SWIFT_OPTIMIZATION_LEVEL = "-Onone";
				TARGETED_DEVICE_FAMILY = "1,2";
			};
			name = Debug;
		};
		6E0D99251D23BDB500B9B00B /* Release */ = {
			isa = XCBuildConfiguration;
			buildSettings = {
				ALWAYS_SEARCH_USER_PATHS = NO;
				CLANG_ANALYZER_NONNULL = YES;
				CLANG_CXX_LANGUAGE_STANDARD = "gnu++0x";
				CLANG_CXX_LIBRARY = "libc++";
				CLANG_ENABLE_MODULES = YES;
				CLANG_ENABLE_OBJC_ARC = YES;
				CLANG_WARN_BOOL_CONVERSION = YES;
				CLANG_WARN_CONSTANT_CONVERSION = YES;
				CLANG_WARN_DIRECT_OBJC_ISA_USAGE = YES_ERROR;
				CLANG_WARN_EMPTY_BODY = YES;
				CLANG_WARN_ENUM_CONVERSION = YES;
				CLANG_WARN_INT_CONVERSION = YES;
				CLANG_WARN_OBJC_ROOT_CLASS = YES_ERROR;
				CLANG_WARN_UNREACHABLE_CODE = YES;
				CLANG_WARN__DUPLICATE_METHOD_MATCH = YES;
				"CODE_SIGN_IDENTITY[sdk=iphoneos*]" = "iPhone Developer";
				COPY_PHASE_STRIP = NO;
				DEBUG_INFORMATION_FORMAT = "dwarf-with-dsym";
				ENABLE_NS_ASSERTIONS = NO;
				ENABLE_STRICT_OBJC_MSGSEND = YES;
				GCC_C_LANGUAGE_STANDARD = gnu99;
				GCC_NO_COMMON_BLOCKS = YES;
				GCC_WARN_64_TO_32_BIT_CONVERSION = YES;
				GCC_WARN_ABOUT_RETURN_TYPE = YES_ERROR;
				GCC_WARN_UNDECLARED_SELECTOR = YES;
				GCC_WARN_UNINITIALIZED_AUTOS = YES_AGGRESSIVE;
				GCC_WARN_UNUSED_FUNCTION = YES;
				GCC_WARN_UNUSED_VARIABLE = YES;
				IPHONEOS_DEPLOYMENT_TARGET = 9.3;
				MTL_ENABLE_DEBUG_INFO = NO;
				SDKROOT = iphoneos;
				TARGETED_DEVICE_FAMILY = "1,2";
				VALIDATE_PRODUCT = YES;
			};
			name = Release;
		};
		6E0D99271D23BDB500B9B00B /* Debug */ = {
			isa = XCBuildConfiguration;
			buildSettings = {
				ASSETCATALOG_COMPILER_APPICON_NAME = AppIcon;
				INFOPLIST_FILE = Pokedex/Info.plist;
				LD_RUNPATH_SEARCH_PATHS = "$(inherited) @executable_path/Frameworks";
				PRODUCT_BUNDLE_IDENTIFIER = com.XavierTXY.Pokedex;
				PRODUCT_NAME = "$(TARGET_NAME)";
			};
			name = Debug;
		};
		6E0D99281D23BDB500B9B00B /* Release */ = {
			isa = XCBuildConfiguration;
			buildSettings = {
				ASSETCATALOG_COMPILER_APPICON_NAME = AppIcon;
				INFOPLIST_FILE = Pokedex/Info.plist;
				LD_RUNPATH_SEARCH_PATHS = "$(inherited) @executable_path/Frameworks";
				PRODUCT_BUNDLE_IDENTIFIER = com.XavierTXY.Pokedex;
				PRODUCT_NAME = "$(TARGET_NAME)";
			};
			name = Release;
		};
/* End XCBuildConfiguration section */

/* Begin XCConfigurationList section */
		6E0D990F1D23BDB500B9B00B /* Build configuration list for PBXProject "Pokedex" */ = {
			isa = XCConfigurationList;
			buildConfigurations = (
				6E0D99241D23BDB500B9B00B /* Debug */,
				6E0D99251D23BDB500B9B00B /* Release */,
			);
			defaultConfigurationIsVisible = 0;
			defaultConfigurationName = Release;
		};
		6E0D99261D23BDB500B9B00B /* Build configuration list for PBXNativeTarget "Pokedex" */ = {
			isa = XCConfigurationList;
			buildConfigurations = (
				6E0D99271D23BDB500B9B00B /* Debug */,
				6E0D99281D23BDB500B9B00B /* Release */,
			);
			defaultConfigurationIsVisible = 0;
			defaultConfigurationName = Release;
		};
/* End XCConfigurationList section */
	};
	rootObject = 6E0D990C1D23BDB500B9B00B /* Project object */;
}
